// !$*UTF8*$!
{
	archiveVersion = 1;
	classes = {
	};
	objectVersion = 46;
	objects = {

/* Begin PBXBuildFile section */
		464653441E80E9680007CA98 /* main.m in Sources */ = {isa = PBXBuildFile; fileRef = 464653431E80E9680007CA98 /* main.m */; };
		464653471E80E9680007CA98 /* AppDelegate.m in Sources */ = {isa = PBXBuildFile; fileRef = 464653461E80E9680007CA98 /* AppDelegate.m */; };
		4646534A1E80E9680007CA98 /* ViewController.m in Sources */ = {isa = PBXBuildFile; fileRef = 464653491E80E9680007CA98 /* ViewController.m */; };
		4646534D1E80E9680007CA98 /* Main.storyboard in Resources */ = {isa = PBXBuildFile; fileRef = 4646534B1E80E9680007CA98 /* Main.storyboard */; };
		4646534F1E80E9680007CA98 /* Assets.xcassets in Resources */ = {isa = PBXBuildFile; fileRef = 4646534E1E80E9680007CA98 /* Assets.xcassets */; };
		464653521E80E9680007CA98 /* LaunchScreen.storyboard in Resources */ = {isa = PBXBuildFile; fileRef = 464653501E80E9680007CA98 /* LaunchScreen.storyboard */; };
		4646535C1E80E9790007CA98 /* MRActivityIndicator.m in Sources */ = {isa = PBXBuildFile; fileRef = 4646535B1E80E9790007CA98 /* MRActivityIndicator.m */; };
/* End PBXBuildFile section */

/* Begin PBXFileReference section */
		4646533F1E80E9680007CA98 /* Sample.app */ = {isa = PBXFileReference; explicitFileType = wrapper.application; includeInIndex = 0; path = Sample.app; sourceTree = BUILT_PRODUCTS_DIR; };
		464653431E80E9680007CA98 /* main.m */ = {isa = PBXFileReference; lastKnownFileType = sourcecode.c.objc; path = main.m; sourceTree = "<group>"; };
		464653451E80E9680007CA98 /* AppDelegate.h */ = {isa = PBXFileReference; lastKnownFileType = sourcecode.c.h; path = AppDelegate.h; sourceTree = "<group>"; };
		464653461E80E9680007CA98 /* AppDelegate.m */ = {isa = PBXFileReference; lastKnownFileType = sourcecode.c.objc; path = AppDelegate.m; sourceTree = "<group>"; };
		464653481E80E9680007CA98 /* ViewController.h */ = {isa = PBXFileReference; lastKnownFileType = sourcecode.c.h; path = ViewController.h; sourceTree = "<group>"; };
		464653491E80E9680007CA98 /* ViewController.m */ = {isa = PBXFileReference; lastKnownFileType = sourcecode.c.objc; path = ViewController.m; sourceTree = "<group>"; };
		4646534C1E80E9680007CA98 /* Base */ = {isa = PBXFileReference; lastKnownFileType = file.storyboard; name = Base; path = Base.lproj/Main.storyboard; sourceTree = "<group>"; };
		4646534E1E80E9680007CA98 /* Assets.xcassets */ = {isa = PBXFileReference; lastKnownFileType = folder.assetcatalog; path = Assets.xcassets; sourceTree = "<group>"; };
		464653511E80E9680007CA98 /* Base */ = {isa = PBXFileReference; lastKnownFileType = file.storyboard; name = Base; path = Base.lproj/LaunchScreen.storyboard; sourceTree = "<group>"; };
		464653531E80E9680007CA98 /* Info.plist */ = {isa = PBXFileReference; lastKnownFileType = text.plist.xml; path = Info.plist; sourceTree = "<group>"; };
		4646535A1E80E9790007CA98 /* MRActivityIndicator.h */ = {isa = PBXFileReference; fileEncoding = 4; lastKnownFileType = sourcecode.c.h; path = MRActivityIndicator.h; sourceTree = "<group>"; };
		4646535B1E80E9790007CA98 /* MRActivityIndicator.m */ = {isa = PBXFileReference; fileEncoding = 4; lastKnownFileType = sourcecode.c.objc; path = MRActivityIndicator.m; sourceTree = "<group>"; };
/* End PBXFileReference section */

/* Begin PBXFrameworksBuildPhase section */
		4646533C1E80E9680007CA98 /* Frameworks */ = {
			isa = PBXFrameworksBuildPhase;
			buildActionMask = 2147483647;
			files = (
			);
			runOnlyForDeploymentPostprocessing = 0;
		};
/* End PBXFrameworksBuildPhase section */

/* Begin PBXGroup section */
		464653361E80E9680007CA98 = {
			isa = PBXGroup;
			children = (
				464653411E80E9680007CA98 /* Sample */,
				464653401E80E9680007CA98 /* Products */,
			);
			sourceTree = "<group>";
		};
		464653401E80E9680007CA98 /* Products */ = {
			isa = PBXGroup;
			children = (
				4646533F1E80E9680007CA98 /* Sample.app */,
			);
			name = Products;
			sourceTree = "<group>";
		};
		464653411E80E9680007CA98 /* Sample */ = {
			isa = PBXGroup;
			children = (
				464653591E80E96D0007CA98 /* MRActivityIndicator */,
				464653451E80E9680007CA98 /* AppDelegate.h */,
				464653461E80E9680007CA98 /* AppDelegate.m */,
				464653481E80E9680007CA98 /* ViewController.h */,
				464653491E80E9680007CA98 /* ViewController.m */,
				4646534B1E80E9680007CA98 /* Main.storyboard */,
				4646534E1E80E9680007CA98 /* Assets.xcassets */,
				464653501E80E9680007CA98 /* LaunchScreen.storyboard */,
				464653531E80E9680007CA98 /* Info.plist */,
				464653421E80E9680007CA98 /* Supporting Files */,
			);
			path = Sample;
			sourceTree = "<group>";
		};
		464653421E80E9680007CA98 /* Supporting Files */ = {
			isa = PBXGroup;
			children = (
				464653431E80E9680007CA98 /* main.m */,
			);
			name = "Supporting Files";
			sourceTree = "<group>";
		};
		464653591E80E96D0007CA98 /* MRActivityIndicator */ = {
			isa = PBXGroup;
			children = (
				4646535A1E80E9790007CA98 /* MRActivityIndicator.h */,
				4646535B1E80E9790007CA98 /* MRActivityIndicator.m */,
			);
			name = MRActivityIndicator;
			sourceTree = "<group>";
		};
/* End PBXGroup section */

/* Begin PBXNativeTarget section */
		4646533E1E80E9680007CA98 /* Sample */ = {
			isa = PBXNativeTarget;
			buildConfigurationList = 464653561E80E9680007CA98 /* Build configuration list for PBXNativeTarget "Sample" */;
			buildPhases = (
				4646533B1E80E9680007CA98 /* Sources */,
				4646533C1E80E9680007CA98 /* Frameworks */,
				4646533D1E80E9680007CA98 /* Resources */,
			);
			buildRules = (
			);
			dependencies = (
			);
			name = Sample;
			productName = Sample;
			productReference = 4646533F1E80E9680007CA98 /* Sample.app */;
			productType = "com.apple.product-type.application";
		};
/* End PBXNativeTarget section */

/* Begin PBXProject section */
		464653371E80E9680007CA98 /* Project object */ = {
			isa = PBXProject;
			attributes = {
				LastUpgradeCheck = 0820;
				ORGANIZATIONNAME = "Mayank Rikh";
				TargetAttributes = {
					4646533E1E80E9680007CA98 = {
						CreatedOnToolsVersion = 8.2.1;
						DevelopmentTeam = NL38PKJFTM;
						ProvisioningStyle = Automatic;
					};
				};
			};
			buildConfigurationList = 4646533A1E80E9680007CA98 /* Build configuration list for PBXProject "Sample" */;
			compatibilityVersion = "Xcode 3.2";
			developmentRegion = English;
			hasScannedForEncodings = 0;
			knownRegions = (
				en,
				Base,
			);
			mainGroup = 464653361E80E9680007CA98;
			productRefGroup = 464653401E80E9680007CA98 /* Products */;
			projectDirPath = "";
			projectRoot = "";
			targets = (
				4646533E1E80E9680007CA98 /* Sample */,
			);
		};
/* End PBXProject section */

/* Begin PBXResourcesBuildPhase section */
		4646533D1E80E9680007CA98 /* Resources */ = {
			isa = PBXResourcesBuildPhase;
			buildActionMask = 2147483647;
			files = (
				464653521E80E9680007CA98 /* LaunchScreen.storyboard in Resources */,
				4646534F1E80E9680007CA98 /* Assets.xcassets in Resources */,
				4646534D1E80E9680007CA98 /* Main.storyboard in Resources */,
			);
			runOnlyForDeploymentPostprocessing = 0;
		};
/* End PBXResourcesBuildPhase section */

/* Begin PBXSourcesBuildPhase section */
		4646533B1E80E9680007CA98 /* Sources */ = {
			isa = PBXSourcesBuildPhase;
			buildActionMask = 2147483647;
			files = (
				4646534A1E80E9680007CA98 /* ViewController.m in Sources */,
				4646535C1E80E9790007CA98 /* MRActivityIndicator.m in Sources */,
				464653471E80E9680007CA98 /* AppDelegate.m in Sources */,
				464653441E80E9680007CA98 /* main.m in Sources */,
			);
			runOnlyForDeploymentPostprocessing = 0;
		};
/* End PBXSourcesBuildPhase section */

/* Begin PBXVariantGroup section */
		4646534B1E80E9680007CA98 /* Main.storyboard */ = {
			isa = PBXVariantGroup;
			children = (
				4646534C1E80E9680007CA98 /* Base */,
			);
			name = Main.storyboard;
			sourceTree = "<group>";
		};
		464653501E80E9680007CA98 /* LaunchScreen.storyboard */ = {
			isa = PBXVariantGroup;
			children = (
				464653511E80E9680007CA98 /* Base */,
			);
			name = LaunchScreen.storyboard;
			sourceTree = "<group>";
		};
/* End PBXVariantGroup section */

/* Begin XCBuildConfiguration section */
		464653541E80E9680007CA98 /* Debug */ = {
			isa = XCBuildConfiguration;
			buildSettings = {
				ALWAYS_SEARCH_USER_PATHS = NO;
				CLANG_ANALYZER_NONNULL = YES;
				CLANG_CXX_LANGUAGE_STANDARD = "gnu++0x";
				CLANG_CXX_LIBRARY = "libc++";
				CLANG_ENABLE_MODULES = YES;
				CLANG_ENABLE_OBJC_ARC = YES;
				CLANG_WARN_BOOL_CONVERSION = YES;
				CLANG_WARN_CONSTANT_CONVERSION = YES;
				CLANG_WARN_DIRECT_OBJC_ISA_USAGE = YES_ERROR;
				CLANG_WARN_DOCUMENTATION_COMMENTS = YES;
				CLANG_WARN_EMPTY_BODY = YES;
				CLANG_WARN_ENUM_CONVERSION = YES;
				CLANG_WARN_INFINITE_RECURSION = YES;
				CLANG_WARN_INT_CONVERSION = YES;
				CLANG_WARN_OBJC_ROOT_CLASS = YES_ERROR;
				CLANG_WARN_SUSPICIOUS_MOVE = YES;
				CLANG_WARN_UNREACHABLE_CODE = YES;
				CLANG_WARN__DUPLICATE_METHOD_MATCH = YES;
				"CODE_SIGN_IDENTITY[sdk=iphoneos*]" = "iPhone Developer";
				COPY_PHASE_STRIP = NO;
				DEBUG_INFORMATION_FORMAT = dwarf;
				ENABLE_STRICT_OBJC_MSGSEND = YES;
				ENABLE_TESTABILITY = YES;
				GCC_C_LANGUAGE_STANDARD = gnu99;
				GCC_DYNAMIC_NO_PIC = NO;
				GCC_NO_COMMON_BLOCKS = YES;
				GCC_OPTIMIZATION_LEVEL = 0;
				GCC_PREPROCESSOR_DEFINITIONS = (
					"DEBUG=1",
					"$(inherited)",
				);
				GCC_WARN_64_TO_32_BIT_CONVERSION = YES;
				GCC_WARN_ABOUT_RETURN_TYPE = YES_ERROR;
				GCC_WARN_UNDECLARED_SELECTOR = YES;
				GCC_WARN_UNINITIALIZED_AUTOS = YES_AGGRESSIVE;
				GCC_WARN_UNUSED_FUNCTION = YES;
				GCC_WARN_UNUSED_VARIABLE = YES;
				IPHONEOS_DEPLOYMENT_TARGET = 10.2;
				MTL_ENABLE_DEBUG_INFO = YES;
				ONLY_ACTIVE_ARCH = YES;
				SDKROOT = iphoneos;
				TARGETED_DEVICE_FAMILY = "1,2";
			};
			name = Debug;
		};
		464653551E80E9680007CA98 /* Release */ = {
			isa = XCBuildConfiguration;
			buildSettings = {
				ALWAYS_SEARCH_USER_PATHS = NO;
				CLANG_ANALYZER_NONNULL = YES;
				CLANG_CXX_LANGUAGE_STANDARD = "gnu++0x";
				CLANG_CXX_LIBRARY = "libc++";
				CLANG_ENABLE_MODULES = YES;
				CLANG_ENABLE_OBJC_ARC = YES;
				CLANG_WARN_BOOL_CONVERSION = YES;
				CLANG_WARN_CONSTANT_CONVERSION = YES;
				CLANG_WARN_DIRECT_OBJC_ISA_USAGE = YES_ERROR;
				CLANG_WARN_DOCUMENTATION_COMMENTS = YES;
				CLANG_WARN_EMPTY_BODY = YES;
				CLANG_WARN_ENUM_CONVERSION = YES;
				CLANG_WARN_INFINITE_RECURSION = YES;
				CLANG_WARN_INT_CONVERSION = YES;
				CLANG_WARN_OBJC_ROOT_CLASS = YES_ERROR;
				CLANG_WARN_SUSPICIOUS_MOVE = YES;
				CLANG_WARN_UNREACHABLE_CODE = YES;
				CLANG_WARN__DUPLICATE_METHOD_MATCH = YES;
				"CODE_SIGN_IDENTITY[sdk=iphoneos*]" = "iPhone Developer";
				COPY_PHASE_STRIP = NO;
				DEBUG_INFORMATION_FORMAT = "dwarf-with-dsym";
				ENABLE_NS_ASSERTIONS = NO;
				ENABLE_STRICT_OBJC_MSGSEND = YES;
				GCC_C_LANGUAGE_STANDARD = gnu99;
				GCC_NO_COMMON_BLOCKS = YES;
				GCC_WARN_64_TO_32_BIT_CONVERSION = YES;
				GCC_WARN_ABOUT_RETURN_TYPE = YES_ERROR;
				GCC_WARN_UNDECLARED_SELECTOR = YES;
				GCC_WARN_UNINITIALIZED_AUTOS = YES_AGGRESSIVE;
				GCC_WARN_UNUSED_FUNCTION = YES;
				GCC_WARN_UNUSED_VARIABLE = YES;
				IPHONEOS_DEPLOYMENT_TARGET = 10.2;
				MTL_ENABLE_DEBUG_INFO = NO;
				SDKROOT = iphoneos;
				TARGETED_DEVICE_FAMILY = "1,2";
				VALIDATE_PRODUCT = YES;
			};
			name = Release;
		};
		464653571E80E9680007CA98 /* Debug */ = {
			isa = XCBuildConfiguration;
			buildSettings = {
				ASSETCATALOG_COMPILER_APPICON_NAME = AppIcon;
				"CODE_SIGN_IDENTITY[sdk=iphoneos*]" = "iPhone Developer";
				DEVELOPMENT_TEAM = NL38PKJFTM;
				INFOPLIST_FILE = Sample/Info.plist;
				LD_RUNPATH_SEARCH_PATHS = "$(inherited) @executable_path/Frameworks";
				PRODUCT_BUNDLE_IDENTIFIER = com.mrikh.Sample;
				PRODUCT_NAME = "$(TARGET_NAME)";
			};
			name = Debug;
		};
		464653581E80E9680007CA98 /* Release */ = {
			isa = XCBuildConfiguration;
			buildSettings = {
				ASSETCATALOG_COMPILER_APPICON_NAME = AppIcon;
				"CODE_SIGN_IDENTITY[sdk=iphoneos*]" = "iPhone Developer";
				DEVELOPMENT_TEAM = NL38PKJFTM;
				INFOPLIST_FILE = Sample/Info.plist;
				LD_RUNPATH_SEARCH_PATHS = "$(inherited) @executable_path/Frameworks";
				PRODUCT_BUNDLE_IDENTIFIER = com.mrikh.Sample;
				PRODUCT_NAME = "$(TARGET_NAME)";
			};
			name = Release;
		};
/* End XCBuildConfiguration section */

/* Begin XCConfigurationList section */
		4646533A1E80E9680007CA98 /* Build configuration list for PBXProject "Sample" */ = {
			isa = XCConfigurationList;
			buildConfigurations = (
				464653541E80E9680007CA98 /* Debug */,
				464653551E80E9680007CA98 /* Release */,
			);
			defaultConfigurationIsVisible = 0;
			defaultConfigurationName = Release;
		};
		464653561E80E9680007CA98 /* Build configuration list for PBXNativeTarget "Sample" */ = {
			isa = XCConfigurationList;
			buildConfigurations = (
				464653571E80E9680007CA98 /* Debug */,
				464653581E80E9680007CA98 /* Release */,
			);
			defaultConfigurationIsVisible = 0;
		};
/* End XCConfigurationList section */
	};
	rootObject = 464653371E80E9680007CA98 /* Project object */;
}
